<?xml version="1.0" encoding="UTF-8" standalone="yes" ?>
<CodeBlocks_project_file>
	<FileVersion major="1" minor="6" />
	<Project>
		<Option title="LSSC" />
		<Option pch_mode="2" />
		<Option compiler="gcc" />
		<Build>
			<Target title="Debug">
				<Option output="bin/Debug/LSSC" prefix_auto="1" extension_auto="1" />
				<Option object_output="obj/Debug/" />
				<Option type="1" />
				<Option compiler="gcc" />
				<Compiler>
					<Add option="-g" />
				</Compiler>
			</Target>
			<Target title="Release">
				<Option output="bin/Release/LSSC" prefix_auto="1" extension_auto="1" />
				<Option object_output="obj/Release/" />
				<Option type="1" />
				<Option compiler="gcc" />
				<Option parameters="/home/ibal/Images/input/NoiseFree/Traffic.png 20 /home/ibal/Images/output/LSSC/noisy.png /home/ibal/Images/output/LSSC/denoised.png /home/ibal/Images/output/LSSC/difference.png /home/ibal/Images/output/LSSC/bias.png /home/ibal/Images/output/LSSC/diff_bias.png 0 /home/ibal/Dropbox/Work/Programmes/Images/LSSC/LSSC/LSSC_Dictionaries/dict_n9.txt" />
				<Compiler>
					<Add option="-O2" />
				</Compiler>
				<Linker>
					<Add option="-s" />
					<Add library="/usr/lib/i386-linux-gnu/libpng.so" />
					<Add library="/usr/lib/libfftw3f.so" />
					<Add library="/usr/lib/gcc/i686-linux-gnu/4.6.3/libgomp.so" />
					<Add library="/usr/lib/i386-linux-gnu/libtiff.so" />
				</Linker>
			</Target>
		</Build>
		<Compiler>
			<Add option="-Wall" />
			<Add option="-fexceptions" />
		</Compiler>
		<Unit filename="Main/main.cpp" />
		<Unit filename="Main/params.h" />
		<Unit filename="libIO/io_png.c">
			<Option compilerVar="CC" />
		</Unit>
		<Unit filename="libIO/io_png.h" />
		<Unit filename="libImages/LibImages.cpp" />
		<Unit filename="libImages/LibImages.h" />
		<Unit filename="libImages/mt19937ar.c">
			<Option compilerVar="CC" />
		</Unit>
		<Unit filename="libImages/mt19937ar.h" />
		<Unit filename="libLSSC/LibLSSC.cpp" />
		<Unit filename="libLSSC/LibLSSC.h" />
		<Unit filename="libLSSC/utilities.cpp" />
		<Unit filename="libLSSC/utilities.h" />
		<Unit filename="libMatrix/ClassMatrix.cpp" />
		<Unit filename="libMatrix/ClassMatrix.h" />
		<Unit filename="libMatrix/LibMatrix.cpp" />
		<Unit filename="libMatrix/LibMatrix.h" />
		<Unit filename="libORMP/LibOrmp.cpp" />
		<Unit filename="libORMP/LibOrmp.h" />
		<Extensions>
			<code_completion />
			<debugger />
		</Extensions>
	</Project>
</CodeBlocks_project_file>
